{
  "name": "aiken-auditor",
  "lockfileVersion": 3,
  "requires": true,
  "packages": {
    "": {
      "name": "aiken-auditor",
      "dependencies": {
        "@evolution-sdk/evolution": "0.5.17",
        "@x402/cardano": "2.28.0",
        "@x402/core": "2.28.0",
        "openai": "^7.30.0",
        "zod": "^4.6.5"
      },
      "engines": {
        "node": ">=24"
      }
    },
    "node_modules/@evolution-sdk/evolution": {
      "version": "0.5.17",
      "resolved": "https://registry.npmjs.org/@evolution-sdk/evolution/-/evolution-0.5.17.tgz",
      "integrity": "sha512-Ay51VEItxeJjssvyylJBOSu26vo46Uh+hMCKGrGkkQlWYKe9J3lpVABuqD9ufSh6GEGXonS9DGUkBUSvA3JGdA==",
      "license": "MIT",
      "dependencies": {
        "@noble/curves": "^2.0.1",
        "@noble/hashes": "^2.2.0",
        "@scure/base": "^2.0.0",
        "@scure/bip32": "^2.0.1",
        "@scure/bip39": "^2.0.1",
        "effect": "^3.21.1"
      }
    },
    "node_modules/@noble/curves": {
      "version": "2.4.0",
      "resolved": "https://registry.npmjs.org/@noble/curves/-/curves-2.4.0.tgz",
      "integrity": "sha512-P4/62zrgfH33CneE3Dn4WhJVA22YUU0eR51wKIan4NVRvwsA0YnPTwWGpNbpuacSujmSFLvyzpyuR30+fbq2Ew==",
      "license": "MIT",
      "dependencies": {
        "@noble/hashes": "2.4.0"
      },
      "engines": {
        "node": ">= 20.19.0"
      },
      "funding": {
        "url": "https://paulmillr.com/funding/"
      }
    },
    "node_modules/@noble/hashes": {
      "version": "2.4.0",
      "resolved": "https://registry.npmjs.org/@noble/hashes/-/hashes-2.4.0.tgz",
      "integrity": "sha512-X5XaVWZIBCT7HHZGm5I7ZQXDwLG+bGXuSrMQAW+7Zvl87h1kmc1ZB1VSRJcpUfoUrGQp4Fkoxm5kZ+Ms+aW+eA==",
      "license": "MIT",
      "engines": {
        "node": ">= 20.19.0"
      },
      "funding": {
        "url": "https://paulmillr.com/funding/"
      }
    },
    "node_modules/@scure/base": {
      "version": "2.4.0",
      "resolved": "https://registry.npmjs.org/@scure/base/-/base-2.4.0.tgz",
      "integrity": "sha512-thZ1TuJwFwBblOhgsjDKvvGirBxNp+wSvY/DR6tJBJOTDhdAAcHJ8Vbr2eFnqaxeca4+t0i9KBf+uHYGWwZORg==",
      "license": "MIT",
      "funding": {
        "url": "https://paulmillr.com/funding/"
      }
    },
    "node_modules/@scure/bip32": {
      "version": "2.4.0",
      "resolved": "https://registry.npmjs.org/@scure/bip32/-/bip32-2.4.0.tgz",
      "integrity": "sha512-i3DS0CptAocyvqE4n3SUkpzeQK4vJMFwWLofTwRiiKo2aWojBOfyMCgfKw9HVpO6fSY5AK86sHS/Uzn8kK9Few==",
      "license": "MIT",
      "dependencies": {
        "@noble/curves": "2.4.0",
        "@noble/hashes": "2.4.0",
        "@scure/base": "2.4.0"
      },
      "funding": {
        "url": "https://paulmillr.com/funding/"
      }
    },
    "node_modules/@scure/bip39": {
      "version": "2.4.0",
      "resolved": "https://registry.npmjs.org/@scure/bip39/-/bip39-2.4.0.tgz",
      "integrity": "sha512-82dxFbZUYboyOf0AXiydsQrFQ5Q4h9mX+O2UkE91ROYmsc0BKMGZLwDmy96Jpa2+vrtoxomjUhy1RPIgH/r2nA==",
      "license": "MIT",
      "dependencies": {
        "@noble/hashes": "2.4.0"
      },
      "funding": {
        "url": "https://paulmillr.com/funding/"
      }
    },
    "node_modules/@standard-schema/spec": {
      "version": "1.1.0",
      "resolved": "https://registry.npmjs.org/@standard-schema/spec/-/spec-1.1.0.tgz",
      "integrity": "sha512-l2aFy5jALhniG5HgqrD6jXLi/rUWrKvqN/qJx6yoJsgKhblVd+iqqU4RCXavm/jPityDo5TCvKMnpjKnOriy0w==",
      "license": "MIT"
    },
    "node_modules/@x402/cardano": {
      "version": "2.28.0",
      "resolved": "https://registry.npmjs.org/@x402/cardano/-/cardano-2.28.0.tgz",
      "integrity": "sha512-nZun9C7oOVG8CiJus7YYrPXu8MZizuet7xa2NnLR/+zBDr8XmZY/sF+UEqe/D/l+TMPoVPU4ByFrAsUQ3wBxgw==",
      "license": "Apache-2.0",
      "dependencies": {
        "@evolution-sdk/evolution": "^0.5.9",
        "@noble/hashes": "^2.2.0",
        "@x402/core": "~2.28.0",
        "lz-string": "^1.5.0"
      }
    },
    "node_modules/@x402/core": {
      "version": "2.28.0",
      "resolved": "https://registry.npmjs.org/@x402/core/-/core-2.28.0.tgz",
      "integrity": "sha512-Da/7zKxCKqpBoB4Msc9tFgkAv7tJTD8nG+DSSm+QdXAyJS4PQsmgVSKe17rDJTtlu0pwNbLcOje6MyQ6kaDkig==",
      "license": "Apache-2.0",
      "dependencies": {
        "zod": "^3.24.2"
      }
    },
    "node_modules/@x402/core/node_modules/zod": {
      "version": "3.25.76",
      "resolved": "https://registry.npmjs.org/zod/-/zod-3.25.76.tgz",
      "integrity": "sha512-gzUt/qt81nXsFGKIFcC3YnfEAx5NkunCfnDlvuBSSFS02bcXu4Lmea0AFIUwbLWxWPx3d9p8S5QoaujKcNQxcQ==",
      "license": "MIT",
      "funding": {
        "url": "https://github.com/sponsors/colinhacks"
      }
    },
    "node_modules/effect": {
      "version": "3.22.2",
      "resolved": "https://registry.npmjs.org/effect/-/effect-3.22.2.tgz",
      "integrity": "sha512-fm1CQXCs7GTMwpadZxwU5rnAb2bN6mbQpknq/pXBGCzSKkosNYb9k0wsoL0TfB10rSa5xOEZJjo77u/KLXSANg==",
      "license": "MIT",
      "dependencies": {
        "@standard-schema/spec": "^1.0.0",
        "fast-check": "^3.23.1"
      }
    },
    "node_modules/fast-check": {
      "version": "3.23.2",
      "resolved": "https://registry.npmjs.org/fast-check/-/fast-check-3.23.2.tgz",
      "integrity": "sha512-h5+1OzzfCC3Ef7VbtKdcv7zsstUQwUDlYpUTvjeUsJAssPgLn7QzbboPtL5ro04Mq0rPOsMzl7q5hIbRs2wD1A==",
      "funding": [
        {
          "type": "individual",
          "url": "https://github.com/sponsors/dubzzz"
        },
        {
          "type": "opencollective",
          "url": "https://opencollective.com/fast-check"
        }
      ],
      "license": "MIT",
      "dependencies": {
        "pure-rand": "^6.1.0"
      },
      "engines": {
        "node": ">=8.0.0"
      }
    },
    "node_modules/lz-string": {
      "version": "1.5.0",
      "resolved": "https://registry.npmjs.org/lz-string/-/lz-string-1.5.0.tgz",
      "integrity": "sha512-h5bgJWpxJNswbU7qCrV0tIKQCaS3blPDrqKWx+QxzuzL1zGUzij9XCWLrSLsJPu5t+eWA/ycetzYAO5IOMcWAQ==",
      "license": "MIT",
      "bin": {
        "lz-string": "bin/bin.js"
      }
    },
    "node_modules/openai": {
      "version": "7.30.0",
      "resolved": "https://registry.npmjs.org/openai/-/openai-7.30.0.tgz",
      "integrity": "sha512-tvvcPdhS56B/79o0mJS5h4JndAov5Sz78T7CFl4gJ+C9S3GoSqHNLO6lG/8kdK+/c13zWEI97Srf66ar0V242g==",
      "license": "Apache-2.0",
      "engines": {
        "node": ">=22.0.0"
      },
      "peerDependencies": {
        "@aws-sdk/credential-provider-node": ">=3.972.0 <4",
        "@smithy/hash-node": ">=4.3.0 <5",
        "@smithy/signature-v4": ">=5.4.0 <6",
        "undici": ">=5 <9",
        "ws": "^8.21.0",
        "zod": "^3.25 || ^4.0"
      },
      "peerDependenciesMeta": {
        "@aws-sdk/credential-provider-node": {
          "optional": true
        },
        "@smithy/hash-node": {
          "optional": true
        },
        "@smithy/signature-v4": {
          "optional": true
        },
        "undici": {
          "optional": true
        },
        "ws": {
          "optional": true
        },
        "zod": {
          "optional": true
        }
      }
    },
    "node_modules/pure-rand": {
      "version": "6.1.0",
      "resolved": "https://registry.npmjs.org/pure-rand/-/pure-rand-6.1.0.tgz",
      "integrity": "sha512-bVWawvoZoBYpp6yIoQtQXHZjmz35RSVHnUOTefl8Vcjr8snTPY1wnpSPMWekcFwbxI6gtmT7rSYPFvz71ldiOA==",
      "funding": [
        {
          "type": "individual",
          "url": "https://github.com/sponsors/dubzzz"
        },
        {
          "type": "opencollective",
          "url": "https://opencollective.com/fast-check"
        }
      ],
      "license": "MIT"
    },
    "node_modules/zod": {
      "version": "4.6.5",
      "resolved": "https://registry.npmjs.org/zod/-/zod-4.6.5.tgz",
      "integrity": "sha512-v5l/aFXZQeai4awLbOpSoHecE9UiMrnfx75tEXLjNonXVARxQ5mOeipTjROUchszUNCqnE+hqAMujRsRHsut2Q==",
      "license": "MIT",
      "funding": {
        "url": "https://github.com/sponsors/colinhacks"
      }
    }
  }
}
